
Microsoft Visual Studio Solution File, Format Version 12.00
# Visual Studio Version 17
VisualStudioVersion = 17.4.33213.308
MinimumVisualStudioVersion = 10.0.40219.1
Project("{54A90642-561A-4BB1-A94E-469ADEE60C69}") = "vue-frontend", "vue-frontend\vue-frontend.esproj", "{34DC84BB-250B-4A2E-8174-3F5990437057}"
EndProject
Project("{9A19103F-16F7-4668-BE54-9A1E7A4F7556}") = "asp.net-backend", "asp.net-backend\asp.net-backend.csproj", "{81A385BB-905E-4CEC-BB5C-D6D71C61D036}"
EndProject
Project("{FAE04EC0-301F-11D3-BF4B-00C04F79EFBC}") = "WoCevv.DAL", "WoCevv.DAL\WoCevv.DAL.csproj", "{AAFE7539-BFD3-4000-BE58-B79235E7B871}"
EndProject
Global
	GlobalSection(SolutionConfigurationPlatforms) = preSolution
		Debug|Any CPU = Debug|Any CPU
		Release|Any CPU = Release|Any CPU
	EndGlobalSection
	GlobalSection(ProjectConfigurationPlatforms) = postSolution
		{34DC84BB-250B-4A2E-8174-3F5990437057}.Debug|Any CPU.ActiveCfg = Debug|Any CPU
		{34DC84BB-250B-4A2E-8174-3F5990437057}.Debug|Any CPU.Build.0 = Debug|Any CPU
		{34DC84BB-250B-4A2E-8174-3F5990437057}.Debug|Any CPU.Deploy.0 = Debug|Any CPU
		{34DC84BB-250B-4A2E-8174-3F5990437057}.Release|Any CPU.ActiveCfg = Release|Any CPU
		{34DC84BB-250B-4A2E-8174-3F5990437057}.Release|Any CPU.Build.0 = Release|Any CPU
		{34DC84BB-250B-4A2E-8174-3F5990437057}.Release|Any CPU.Deploy.0 = Release|Any CPU
		{81A385BB-905E-4CEC-BB5C-D6D71C61D036}.Debug|Any CPU.ActiveCfg = Debug|Any CPU
		{81A385BB-905E-4CEC-BB5C-D6D71C61D036}.Debug|Any CPU.Build.0 = Debug|Any CPU
		{81A385BB-905E-4CEC-BB5C-D6D71C61D036}.Release|Any CPU.ActiveCfg = Release|Any CPU
		{81A385BB-905E-4CEC-BB5C-D6D71C61D036}.Release|Any CPU.Build.0 = Release|Any CPU
		{AAFE7539-BFD3-4000-BE58-B79235E7B871}.Debug|Any CPU.ActiveCfg = Debug|Any CPU
		{AAFE7539-BFD3-4000-BE58-B79235E7B871}.Debug|Any CPU.Build.0 = Debug|Any CPU
		{AAFE7539-BFD3-4000-BE58-B79235E7B871}.Release|Any CPU.ActiveCfg = Release|Any CPU
		{AAFE7539-BFD3-4000-BE58-B79235E7B871}.Release|Any CPU.Build.0 = Release|Any CPU
	EndGlobalSection
	GlobalSection(SolutionProperties) = preSolution
		HideSolutionNode = FALSE
	EndGlobalSection
	GlobalSection(ExtensibilityGlobals) = postSolution
		SolutionGuid = {3719EA83-84B3-456E-9AA8-548B7E52899B}
	EndGlobalSection
EndGlobal
